
Microsoft Visual Studio Solution File, Format Version 12.00
# Visual Studio 14
VisualStudioVersion = 14.0.24720.0
MinimumVisualStudioVersion = 10.0.40219.1
Project("{BE0A4C86-FC82-4F70-8ED6-D24C8B13E7BF}") = "Krypto", "Krypto\Krypto.javaproj", "{0A8327F8-E6B8-4F79-9D98-9505BA54004F}"
EndProject
Global
	GlobalSection(SolutionConfigurationPlatforms) = preSolution
		Debug|Any CPU = Debug|Any CPU
		Release|Any CPU = Release|Any CPU
	EndGlobalSection
	GlobalSection(ProjectConfigurationPlatforms) = postSolution
		{0A8327F8-E6B8-4F79-9D98-9505BA54004F}.Debug|Any CPU.ActiveCfg = Debug|Any CPU
		{0A8327F8-E6B8-4F79-9D98-9505BA54004F}.Debug|Any CPU.Build.0 = Debug|Any CPU
		{0A8327F8-E6B8-4F79-9D98-9505BA54004F}.Release|Any CPU.ActiveCfg = Release|Any CPU
		{0A8327F8-E6B8-4F79-9D98-9505BA54004F}.Release|Any CPU.Build.0 = Release|Any CPU
	EndGlobalSection
	GlobalSection(SolutionProperties) = preSolution
		HideSolutionNode = FALSE
	EndGlobalSection
EndGlobal
